{
  "requires": true,
  "lockfileVersion": 1,
  "dependencies": {
    "html-to-image": {
      "version": "1.10.8",
      "resolved": "https://registry.npmjs.org/html-to-image/-/html-to-image-1.10.8.tgz",
      "integrity": "sha512-t+JyFJwKDCp4ZwBp4iC/wqw0meQDDc77Qs8OFl5P7RGlIP3LQMvwpD7VXxqQfC7/TfC+GKYlFP6WDYfXTmXHfw=="
    }
  }
}
